
Microsoft Visual Studio Solution File, Format Version 12.00
# Visual Studio Version 17
VisualStudioVersion = 17.2.32616.157
MinimumVisualStudioVersion = 10.0.40219.1
Project("{FAE04EC0-301F-11D3-BF4B-00C04F79EFBC}") = "NiceBackend", "NiceBackend\NiceBackend.csproj", "{C6BD57AD-D798-43A7-A8AC-FDEE9CF28894}"
EndProject
Global
	GlobalSection(SolutionConfigurationPlatforms) = preSolution
		Debug|Any CPU = Debug|Any CPU
		Release|Any CPU = Release|Any CPU
	EndGlobalSection
	GlobalSection(ProjectConfigurationPlatforms) = postSolution
		{C6BD57AD-D798-43A7-A8AC-FDEE9CF28894}.Debug|Any CPU.ActiveCfg = Debug|Any CPU
		{C6BD57AD-D798-43A7-A8AC-FDEE9CF28894}.Debug|Any CPU.Build.0 = Debug|Any CPU
		{C6BD57AD-D798-43A7-A8AC-FDEE9CF28894}.Release|Any CPU.ActiveCfg = Release|Any CPU
		{C6BD57AD-D798-43A7-A8AC-FDEE9CF28894}.Release|Any CPU.Build.0 = Release|Any CPU
	EndGlobalSection
	GlobalSection(SolutionProperties) = preSolution
		HideSolutionNode = FALSE
	EndGlobalSection
	GlobalSection(ExtensibilityGlobals) = postSolution
		SolutionGuid = {65E56B73-CB94-46F6-8491-C11A69A6EC75}
	EndGlobalSection
EndGlobal
